
Microsoft Visual Studio Solution File, Format Version 12.00
# Visual Studio Version 17
VisualStudioVersion = 17.0.31903.59
MinimumVisualStudioVersion = 10.0.40219.1
Project("{FAE04EC0-301F-11D3-BF4B-00C04F79EFBC}") = "Balada.Dominio", "Balada.Dominio\Balada.Dominio.csproj", "{7E93BBEF-C29B-4DEC-A887-AAB9759FB79F}"
EndProject
Project("{FAE04EC0-301F-11D3-BF4B-00C04F79EFBC}") = "Balada.Infra", "Balada.Infra\Balada.Infra.csproj", "{CAEEF9E4-40EA-4C5E-B39A-9B48DA53391D}"
EndProject
Global
	GlobalSection(SolutionConfigurationPlatforms) = preSolution
		Debug|Any CPU = Debug|Any CPU
		Release|Any CPU = Release|Any CPU
	EndGlobalSection
	GlobalSection(SolutionProperties) = preSolution
		HideSolutionNode = FALSE
	EndGlobalSection
	GlobalSection(ProjectConfigurationPlatforms) = postSolution
		{7E93BBEF-C29B-4DEC-A887-AAB9759FB79F}.Debug|Any CPU.ActiveCfg = Debug|Any CPU
		{7E93BBEF-C29B-4DEC-A887-AAB9759FB79F}.Debug|Any CPU.Build.0 = Debug|Any CPU
		{7E93BBEF-C29B-4DEC-A887-AAB9759FB79F}.Release|Any CPU.ActiveCfg = Release|Any CPU
		{7E93BBEF-C29B-4DEC-A887-AAB9759FB79F}.Release|Any CPU.Build.0 = Release|Any CPU
		{CAEEF9E4-40EA-4C5E-B39A-9B48DA53391D}.Debug|Any CPU.ActiveCfg = Debug|Any CPU
		{CAEEF9E4-40EA-4C5E-B39A-9B48DA53391D}.Debug|Any CPU.Build.0 = Debug|Any CPU
		{CAEEF9E4-40EA-4C5E-B39A-9B48DA53391D}.Release|Any CPU.ActiveCfg = Release|Any CPU
		{CAEEF9E4-40EA-4C5E-B39A-9B48DA53391D}.Release|Any CPU.Build.0 = Release|Any CPU
	EndGlobalSection
EndGlobal
